
Microsoft Visual Studio Solution File, Format Version 12.00
# Visual Studio Version 16
VisualStudioVersion = 16.0.29613.14
MinimumVisualStudioVersion = 10.0.40219.1
Project("{FAE04EC0-301F-11D3-BF4B-00C04F79EFBC}") = "Blog", "Blog\Blog.csproj", "{BC89F4E5-BA5B-48DF-B630-F6A76BF71CD6}"
EndProject
Global
	GlobalSection(SolutionConfigurationPlatforms) = preSolution
		Debug|Any CPU = Debug|Any CPU
		Release|Any CPU = Release|Any CPU
	EndGlobalSection
	GlobalSection(ProjectConfigurationPlatforms) = postSolution
		{BC89F4E5-BA5B-48DF-B630-F6A76BF71CD6}.Debug|Any CPU.ActiveCfg = Debug|Any CPU
		{BC89F4E5-BA5B-48DF-B630-F6A76BF71CD6}.Debug|Any CPU.Build.0 = Debug|Any CPU
		{BC89F4E5-BA5B-48DF-B630-F6A76BF71CD6}.Release|Any CPU.ActiveCfg = Release|Any CPU
		{BC89F4E5-BA5B-48DF-B630-F6A76BF71CD6}.Release|Any CPU.Build.0 = Release|Any CPU
	EndGlobalSection
	GlobalSection(SolutionProperties) = preSolution
		HideSolutionNode = FALSE
	EndGlobalSection
	GlobalSection(ExtensibilityGlobals) = postSolution
		SolutionGuid = {2FEE9052-50FD-4F01-9696-FFD5E19D9DC9}
	EndGlobalSection
EndGlobal
